
Microsoft Visual Studio Solution File, Format Version 12.00
# Visual Studio Version 17
VisualStudioVersion = 17.14.36121.58 d17.14
MinimumVisualStudioVersion = 10.0.40219.1
Project("{FAE04EC0-301F-11D3-BF4B-00C04F79EFBC}") = "LojaVirtual.API", "LojaVirtual.API\LojaVirtual.API.csproj", "{8D69D333-E15D-449A-A1A5-4672FC5C54E9}"
EndProject
Global
	GlobalSection(SolutionConfigurationPlatforms) = preSolution
		Debug|Any CPU = Debug|Any CPU
		Release|Any CPU = Release|Any CPU
	EndGlobalSection
	GlobalSection(ProjectConfigurationPlatforms) = postSolution
		{8D69D333-E15D-449A-A1A5-4672FC5C54E9}.Debug|Any CPU.ActiveCfg = Debug|Any CPU
		{8D69D333-E15D-449A-A1A5-4672FC5C54E9}.Debug|Any CPU.Build.0 = Debug|Any CPU
		{8D69D333-E15D-449A-A1A5-4672FC5C54E9}.Release|Any CPU.ActiveCfg = Release|Any CPU
		{8D69D333-E15D-449A-A1A5-4672FC5C54E9}.Release|Any CPU.Build.0 = Release|Any CPU
	EndGlobalSection
	GlobalSection(SolutionProperties) = preSolution
		HideSolutionNode = FALSE
	EndGlobalSection
	GlobalSection(ExtensibilityGlobals) = postSolution
		SolutionGuid = {BFBFE339-B987-4CF1-8070-607CF5E349BB}
	EndGlobalSection
EndGlobal
